
Microsoft Visual Studio Solution File, Format Version 12.00
# Visual Studio 15
VisualStudioVersion = 15.0.28010.2041
MinimumVisualStudioVersion = 10.0.40219.1
Project("{9A19103F-16F7-4668-BE54-9A1E7A4F7556}") = "aspnetcore-sagepay", "aspnetcore-sagepay.csproj", "{7FF2C563-BDFD-4F82-BC15-BA853C0CA399}"
EndProject
Global
	GlobalSection(SolutionConfigurationPlatforms) = preSolution
		Debug|Any CPU = Debug|Any CPU
		Release|Any CPU = Release|Any CPU
	EndGlobalSection
	GlobalSection(ProjectConfigurationPlatforms) = postSolution
		{7FF2C563-BDFD-4F82-BC15-BA853C0CA399}.Debug|Any CPU.ActiveCfg = Debug|Any CPU
		{7FF2C563-BDFD-4F82-BC15-BA853C0CA399}.Debug|Any CPU.Build.0 = Debug|Any CPU
		{7FF2C563-BDFD-4F82-BC15-BA853C0CA399}.Release|Any CPU.ActiveCfg = Release|Any CPU
		{7FF2C563-BDFD-4F82-BC15-BA853C0CA399}.Release|Any CPU.Build.0 = Release|Any CPU
	EndGlobalSection
	GlobalSection(SolutionProperties) = preSolution
		HideSolutionNode = FALSE
	EndGlobalSection
	GlobalSection(ExtensibilityGlobals) = postSolution
		SolutionGuid = {B9C45025-EF5A-42EF-8057-105652DC41E5}
	EndGlobalSection
EndGlobal
